// !$*UTF8*$!
{
	archiveVersion = 1;
	classes = {
	};
	objectVersion = 56;
	objects = {

/* Begin PBXBuildFile section */
		382BA2702B7F43C2008C6E4B /* AppDelegate.swift in Sources */ = {isa = PBXBuildFile; fileRef = 382BA26F2B7F43C2008C6E4B /* AppDelegate.swift */; };
		382BA2722B7F43C2008C6E4B /* SceneDelegate.swift in Sources */ = {isa = PBXBuildFile; fileRef = 382BA2712B7F43C2008C6E4B /* SceneDelegate.swift */; };
		382BA2742B7F43C2008C6E4B /* ViewController.swift in Sources */ = {isa = PBXBuildFile; fileRef = 382BA2732B7F43C2008C6E4B /* ViewController.swift */; };
		382BA2772B7F43C2008C6E4B /* Main.storyboard in Resources */ = {isa = PBXBuildFile; fileRef = 382BA2752B7F43C2008C6E4B /* Main.storyboard */; };
		382BA2792B7F43C3008C6E4B /* Assets.xcassets in Resources */ = {isa = PBXBuildFile; fileRef = 382BA2782B7F43C3008C6E4B /* Assets.xcassets */; };
		382BA27C2B7F43C3008C6E4B /* LaunchScreen.storyboard in Resources */ = {isa = PBXBuildFile; fileRef = 382BA27A2B7F43C3008C6E4B /* LaunchScreen.storyboard */; };
		382BA2842B7F6FA7008C6E4B /* gradeint_screen.swift in Sources */ = {isa = PBXBuildFile; fileRef = 382BA2832B7F6FA7008C6E4B /* gradeint_screen.swift */; };
/* End PBXBuildFile section */

/* Begin PBXFileReference section */
		382BA26C2B7F43C2008C6E4B /* login_screen.app */ = {isa = PBXFileReference; explicitFileType = wrapper.application; includeInIndex = 0; path = login_screen.app; sourceTree = BUILT_PRODUCTS_DIR; };
		382BA26F2B7F43C2008C6E4B /* AppDelegate.swift */ = {isa = PBXFileReference; lastKnownFileType = sourcecode.swift; path = AppDelegate.swift; sourceTree = "<group>"; };
		382BA2712B7F43C2008C6E4B /* SceneDelegate.swift */ = {isa = PBXFileReference; lastKnownFileType = sourcecode.swift; path = SceneDelegate.swift; sourceTree = "<group>"; };
		382BA2732B7F43C2008C6E4B /* ViewController.swift */ = {isa = PBXFileReference; lastKnownFileType = sourcecode.swift; path = ViewController.swift; sourceTree = "<group>"; };
		382BA2762B7F43C2008C6E4B /* Base */ = {isa = PBXFileReference; lastKnownFileType = file.storyboard; name = Base; path = Base.lproj/Main.storyboard; sourceTree = "<group>"; };
		382BA2782B7F43C3008C6E4B /* Assets.xcassets */ = {isa = PBXFileReference; lastKnownFileType = folder.assetcatalog; path = Assets.xcassets; sourceTree = "<group>"; };
		382BA27B2B7F43C3008C6E4B /* Base */ = {isa = PBXFileReference; lastKnownFileType = file.storyboard; name = Base; path = Base.lproj/LaunchScreen.storyboard; sourceTree = "<group>"; };
		382BA27D2B7F43C3008C6E4B /* Info.plist */ = {isa = PBXFileReference; lastKnownFileType = text.plist.xml; path = Info.plist; sourceTree = "<group>"; };
		382BA2832B7F6FA7008C6E4B /* gradeint_screen.swift */ = {isa = PBXFileReference; lastKnownFileType = sourcecode.swift; path = gradeint_screen.swift; sourceTree = "<group>"; };
/* End PBXFileReference section */

/* Begin PBXFrameworksBuildPhase section */
		382BA2692B7F43C2008C6E4B /* Frameworks */ = {
			isa = PBXFrameworksBuildPhase;
			buildActionMask = 2147483647;
			files = (
			);
			runOnlyForDeploymentPostprocessing = 0;
		};
/* End PBXFrameworksBuildPhase section */

/* Begin PBXGroup section */
		382BA2632B7F43C2008C6E4B = {
			isa = PBXGroup;
			children = (
				382BA26E2B7F43C2008C6E4B /* login_screen */,
				382BA26D2B7F43C2008C6E4B /* Products */,
			);
			sourceTree = "<group>";
		};
		382BA26D2B7F43C2008C6E4B /* Products */ = {
			isa = PBXGroup;
			children = (
				382BA26C2B7F43C2008C6E4B /* login_screen.app */,
			);
			name = Products;
			sourceTree = "<group>";
		};
		382BA26E2B7F43C2008C6E4B /* login_screen */ = {
			isa = PBXGroup;
			children = (
				382BA26F2B7F43C2008C6E4B /* AppDelegate.swift */,
				382BA2712B7F43C2008C6E4B /* SceneDelegate.swift */,
				382BA2732B7F43C2008C6E4B /* ViewController.swift */,
				382BA2752B7F43C2008C6E4B /* Main.storyboard */,
				382BA2782B7F43C3008C6E4B /* Assets.xcassets */,
				382BA27A2B7F43C3008C6E4B /* LaunchScreen.storyboard */,
				382BA27D2B7F43C3008C6E4B /* Info.plist */,
				382BA2832B7F6FA7008C6E4B /* gradeint_screen.swift */,
			);
			path = login_screen;
			sourceTree = "<group>";
		};
/* End PBXGroup section */

/* Begin PBXNativeTarget section */
		382BA26B2B7F43C2008C6E4B /* login_screen */ = {
			isa = PBXNativeTarget;
			buildConfigurationList = 382BA2802B7F43C3008C6E4B /* Build configuration list for PBXNativeTarget "login_screen" */;
			buildPhases = (
				382BA2682B7F43C2008C6E4B /* Sources */,
				382BA2692B7F43C2008C6E4B /* Frameworks */,
				382BA26A2B7F43C2008C6E4B /* Resources */,
			);
			buildRules = (
			);
			dependencies = (
			);
			name = login_screen;
			productName = login_screen;
			productReference = 382BA26C2B7F43C2008C6E4B /* login_screen.app */;
			productType = "com.apple.product-type.application";
		};
/* End PBXNativeTarget section */

/* Begin PBXProject section */
		382BA2642B7F43C2008C6E4B /* Project object */ = {
			isa = PBXProject;
			attributes = {
				BuildIndependentTargetsInParallel = 1;
				LastSwiftUpdateCheck = 1430;
				LastUpgradeCheck = 1430;
				TargetAttributes = {
					382BA26B2B7F43C2008C6E4B = {
						CreatedOnToolsVersion = 14.3;
					};
				};
			};
			buildConfigurationList = 382BA2672B7F43C2008C6E4B /* Build configuration list for PBXProject "login_screen" */;
			compatibilityVersion = "Xcode 14.0";
			developmentRegion = en;
			hasScannedForEncodings = 0;
			knownRegions = (
				en,
				Base,
			);
			mainGroup = 382BA2632B7F43C2008C6E4B;
			productRefGroup = 382BA26D2B7F43C2008C6E4B /* Products */;
			projectDirPath = "";
			projectRoot = "";
			targets = (
				382BA26B2B7F43C2008C6E4B /* login_screen */,
			);
		};
/* End PBXProject section */

/* Begin PBXResourcesBuildPhase section */
		382BA26A2B7F43C2008C6E4B /* Resources */ = {
			isa = PBXResourcesBuildPhase;
			buildActionMask = 2147483647;
			files = (
				382BA27C2B7F43C3008C6E4B /* LaunchScreen.storyboard in Resources */,
				382BA2792B7F43C3008C6E4B /* Assets.xcassets in Resources */,
				382BA2772B7F43C2008C6E4B /* Main.storyboard in Resources */,
			);
			runOnlyForDeploymentPostprocessing = 0;
		};
/* End PBXResourcesBuildPhase section */

/* Begin PBXSourcesBuildPhase section */
		382BA2682B7F43C2008C6E4B /* Sources */ = {
			isa = PBXSourcesBuildPhase;
			buildActionMask = 2147483647;
			files = (
				382BA2742B7F43C2008C6E4B /* ViewController.swift in Sources */,
				382BA2842B7F6FA7008C6E4B /* gradeint_screen.swift in Sources */,
				382BA2702B7F43C2008C6E4B /* AppDelegate.swift in Sources */,
				382BA2722B7F43C2008C6E4B /* SceneDelegate.swift in Sources */,
			);
			runOnlyForDeploymentPostprocessing = 0;
		};
/* End PBXSourcesBuildPhase section */

/* Begin PBXVariantGroup section */
		382BA2752B7F43C2008C6E4B /* Main.storyboard */ = {
			isa = PBXVariantGroup;
			children = (
				382BA2762B7F43C2008C6E4B /* Base */,
			);
			name = Main.storyboard;
			sourceTree = "<group>";
		};
		382BA27A2B7F43C3008C6E4B /* LaunchScreen.storyboard */ = {
			isa = PBXVariantGroup;
			children = (
				382BA27B2B7F43C3008C6E4B /* Base */,
			);
			name = LaunchScreen.storyboard;
			sourceTree = "<group>";
		};
/* End PBXVariantGroup section */

/* Begin XCBuildConfiguration section */
		382BA27E2B7F43C3008C6E4B /* Debug */ = {
			isa = XCBuildConfiguration;
			buildSettings = {
				ALWAYS_SEARCH_USER_PATHS = NO;
				CLANG_ANALYZER_NONNULL = YES;
				CLANG_ANALYZER_NUMBER_OBJECT_CONVERSION = YES_AGGRESSIVE;
				CLANG_CXX_LANGUAGE_STANDARD = "gnu++20";
				CLANG_ENABLE_MODULES = YES;
				CLANG_ENABLE_OBJC_ARC = YES;
				CLANG_ENABLE_OBJC_WEAK = YES;
				CLANG_WARN_BLOCK_CAPTURE_AUTORELEASING = YES;
				CLANG_WARN_BOOL_CONVERSION = YES;
				CLANG_WARN_COMMA = YES;
				CLANG_WARN_CONSTANT_CONVERSION = YES;
				CLANG_WARN_DEPRECATED_OBJC_IMPLEMENTATIONS = YES;
				CLANG_WARN_DIRECT_OBJC_ISA_USAGE = YES_ERROR;
				CLANG_WARN_DOCUMENTATION_COMMENTS = YES;
				CLANG_WARN_EMPTY_BODY = YES;
				CLANG_WARN_ENUM_CONVERSION = YES;
				CLANG_WARN_INFINITE_RECURSION = YES;
				CLANG_WARN_INT_CONVERSION = YES;
				CLANG_WARN_NON_LITERAL_NULL_CONVERSION = YES;
				CLANG_WARN_OBJC_IMPLICIT_RETAIN_SELF = YES;
				CLANG_WARN_OBJC_LITERAL_CONVERSION = YES;
				CLANG_WARN_OBJC_ROOT_CLASS = YES_ERROR;
				CLANG_WARN_QUOTED_INCLUDE_IN_FRAMEWORK_HEADER = YES;
				CLANG_WARN_RANGE_LOOP_ANALYSIS = YES;
				CLANG_WARN_STRICT_PROTOTYPES = YES;
				CLANG_WARN_SUSPICIOUS_MOVE = YES;
				CLANG_WARN_UNGUARDED_AVAILABILITY = YES_AGGRESSIVE;
				CLANG_WARN_UNREACHABLE_CODE = YES;
				CLANG_WARN__DUPLICATE_METHOD_MATCH = YES;
				COPY_PHASE_STRIP = NO;
				DEBUG_INFORMATION_FORMAT = dwarf;
				ENABLE_STRICT_OBJC_MSGSEND = YES;
				ENABLE_TESTABILITY = YES;
				GCC_C_LANGUAGE_STANDARD = gnu11;
				GCC_DYNAMIC_NO_PIC = NO;
				GCC_NO_COMMON_BLOCKS = YES;
				GCC_OPTIMIZATION_LEVEL = 0;
				GCC_PREPROCESSOR_DEFINITIONS = (
					"DEBUG=1",
					"$(inherited)",
				);
				GCC_WARN_64_TO_32_BIT_CONVERSION = YES;
				GCC_WARN_ABOUT_RETURN_TYPE = YES_ERROR;
				GCC_WARN_UNDECLARED_SELECTOR = YES;
				GCC_WARN_UNINITIALIZED_AUTOS = YES_AGGRESSIVE;
				GCC_WARN_UNUSED_FUNCTION = YES;
				GCC_WARN_UNUSED_VARIABLE = YES;
				IPHONEOS_DEPLOYMENT_TARGET = 16.4;
				MTL_ENABLE_DEBUG_INFO = INCLUDE_SOURCE;
				MTL_FAST_MATH = YES;
				ONLY_ACTIVE_ARCH = YES;
				SDKROOT = iphoneos;
				SWIFT_ACTIVE_COMPILATION_CONDITIONS = DEBUG;
				SWIFT_OPTIMIZATION_LEVEL = "-Onone";
			};
			name = Debug;
		};
		382BA27F2B7F43C3008C6E4B /* Release */ = {
			isa = XCBuildConfiguration;
			buildSettings = {
				ALWAYS_SEARCH_USER_PATHS = NO;
				CLANG_ANALYZER_NONNULL = YES;
				CLANG_ANALYZER_NUMBER_OBJECT_CONVERSION = YES_AGGRESSIVE;
				CLANG_CXX_LANGUAGE_STANDARD = "gnu++20";
				CLANG_ENABLE_MODULES = YES;
				CLANG_ENABLE_OBJC_ARC = YES;
				CLANG_ENABLE_OBJC_WEAK = YES;
				CLANG_WARN_BLOCK_CAPTURE_AUTORELEASING = YES;
				CLANG_WARN_BOOL_CONVERSION = YES;
				CLANG_WARN_COMMA = YES;
				CLANG_WARN_CONSTANT_CONVERSION = YES;
				CLANG_WARN_DEPRECATED_OBJC_IMPLEMENTATIONS = YES;
				CLANG_WARN_DIRECT_OBJC_ISA_USAGE = YES_ERROR;
				CLANG_WARN_DOCUMENTATION_COMMENTS = YES;
				CLANG_WARN_EMPTY_BODY = YES;
				CLANG_WARN_ENUM_CONVERSION = YES;
				CLANG_WARN_INFINITE_RECURSION = YES;
				CLANG_WARN_INT_CONVERSION = YES;
				CLANG_WARN_NON_LITERAL_NULL_CONVERSION = YES;
				CLANG_WARN_OBJC_IMPLICIT_RETAIN_SELF = YES;
				CLANG_WARN_OBJC_LITERAL_CONVERSION = YES;
				CLANG_WARN_OBJC_ROOT_CLASS = YES_ERROR;
				CLANG_WARN_QUOTED_INCLUDE_IN_FRAMEWORK_HEADER = YES;
				CLANG_WARN_RANGE_LOOP_ANALYSIS = YES;
				CLANG_WARN_STRICT_PROTOTYPES = YES;
				CLANG_WARN_SUSPICIOUS_MOVE = YES;
				CLANG_WARN_UNGUARDED_AVAILABILITY = YES_AGGRESSIVE;
				CLANG_WARN_UNREACHABLE_CODE = YES;
				CLANG_WARN__DUPLICATE_METHOD_MATCH = YES;
				COPY_PHASE_STRIP = NO;
				DEBUG_INFORMATION_FORMAT = "dwarf-with-dsym";
				ENABLE_NS_ASSERTIONS = NO;
				ENABLE_STRICT_OBJC_MSGSEND = YES;
				GCC_C_LANGUAGE_STANDARD = gnu11;
				GCC_NO_COMMON_BLOCKS = YES;
				GCC_WARN_64_TO_32_BIT_CONVERSION = YES;
				GCC_WARN_ABOUT_RETURN_TYPE = YES_ERROR;
				GCC_WARN_UNDECLARED_SELECTOR = YES;
				GCC_WARN_UNINITIALIZED_AUTOS = YES_AGGRESSIVE;
				GCC_WARN_UNUSED_FUNCTION = YES;
				GCC_WARN_UNUSED_VARIABLE = YES;
				IPHONEOS_DEPLOYMENT_TARGET = 16.4;
				MTL_ENABLE_DEBUG_INFO = NO;
				MTL_FAST_MATH = YES;
				SDKROOT = iphoneos;
				SWIFT_COMPILATION_MODE = wholemodule;
				SWIFT_OPTIMIZATION_LEVEL = "-O";
				VALIDATE_PRODUCT = YES;
			};
			name = Release;
		};
		382BA2812B7F43C3008C6E4B /* Debug */ = {
			isa = XCBuildConfiguration;
			buildSettings = {
				ASSETCATALOG_COMPILER_APPICON_NAME = AppIcon;
				ASSETCATALOG_COMPILER_GLOBAL_ACCENT_COLOR_NAME = AccentColor;
				CODE_SIGN_STYLE = Automatic;
				CURRENT_PROJECT_VERSION = 1;
				GENERATE_INFOPLIST_FILE = YES;
				INFOPLIST_FILE = login_screen/Info.plist;
				INFOPLIST_KEY_UIApplicationSupportsIndirectInputEvents = YES;
				INFOPLIST_KEY_UILaunchStoryboardName = LaunchScreen;
				INFOPLIST_KEY_UIMainStoryboardFile = Main;
				INFOPLIST_KEY_UISupportedInterfaceOrientations_iPad = "UIInterfaceOrientationPortrait UIInterfaceOrientationPortraitUpsideDown UIInterfaceOrientationLandscapeLeft UIInterfaceOrientationLandscapeRight";
				INFOPLIST_KEY_UISupportedInterfaceOrientations_iPhone = "UIInterfaceOrientationPortrait UIInterfaceOrientationLandscapeLeft UIInterfaceOrientationLandscapeRight";
				LD_RUNPATH_SEARCH_PATHS = (
					"$(inherited)",
					"@executable_path/Frameworks",
				);
				MARKETING_VERSION = 1.0;
				PRODUCT_BUNDLE_IDENTIFIER = "com.zignuts.login-screen";
				PRODUCT_NAME = "$(TARGET_NAME)";
				SWIFT_EMIT_LOC_STRINGS = YES;
				SWIFT_VERSION = 5.0;
				TARGETED_DEVICE_FAMILY = "1,2";
			};
			name = Debug;
		};
		382BA2822B7F43C3008C6E4B /* Release */ = {
			isa = XCBuildConfiguration;
			buildSettings = {
				ASSETCATALOG_COMPILER_APPICON_NAME = AppIcon;
				ASSETCATALOG_COMPILER_GLOBAL_ACCENT_COLOR_NAME = AccentColor;
				CODE_SIGN_STYLE = Automatic;
				CURRENT_PROJECT_VERSION = 1;
				GENERATE_INFOPLIST_FILE = YES;
				INFOPLIST_FILE = login_screen/Info.plist;
				INFOPLIST_KEY_UIApplicationSupportsIndirectInputEvents = YES;
				INFOPLIST_KEY_UILaunchStoryboardName = LaunchScreen;
				INFOPLIST_KEY_UIMainStoryboardFile = Main;
				INFOPLIST_KEY_UISupportedInterfaceOrientations_iPad = "UIInterfaceOrientationPortrait UIInterfaceOrientationPortraitUpsideDown UIInterfaceOrientationLandscapeLeft UIInterfaceOrientationLandscapeRight";
				INFOPLIST_KEY_UISupportedInterfaceOrientations_iPhone = "UIInterfaceOrientationPortrait UIInterfaceOrientationLandscapeLeft UIInterfaceOrientationLandscapeRight";
				LD_RUNPATH_SEARCH_PATHS = (
					"$(inherited)",
					"@executable_path/Frameworks",
				);
				MARKETING_VERSION = 1.0;
				PRODUCT_BUNDLE_IDENTIFIER = "com.zignuts.login-screen";
				PRODUCT_NAME = "$(TARGET_NAME)";
				SWIFT_EMIT_LOC_STRINGS = YES;
				SWIFT_VERSION = 5.0;
				TARGETED_DEVICE_FAMILY = "1,2";
			};
			name = Release;
		};
/* End XCBuildConfiguration section */

/* Begin XCConfigurationList section */
		382BA2672B7F43C2008C6E4B /* Build configuration list for PBXProject "login_screen" */ = {
			isa = XCConfigurationList;
			buildConfigurations = (
				382BA27E2B7F43C3008C6E4B /* Debug */,
				382BA27F2B7F43C3008C6E4B /* Release */,
			);
			defaultConfigurationIsVisible = 0;
			defaultConfigurationName = Release;
		};
		382BA2802B7F43C3008C6E4B /* Build configuration list for PBXNativeTarget "login_screen" */ = {
			isa = XCConfigurationList;
			buildConfigurations = (
				382BA2812B7F43C3008C6E4B /* Debug */,
				382BA2822B7F43C3008C6E4B /* Release */,
			);
			defaultConfigurationIsVisible = 0;
			defaultConfigurationName = Release;
		};
/* End XCConfigurationList section */
	};
	rootObject = 382BA2642B7F43C2008C6E4B /* Project object */;
}
