// !$*UTF8*$!
{
	archiveVersion = 1;
	classes = {
	};
	objectVersion = 56;
	objects = {

/* Begin PBXBuildFile section */
		382826B32B8C5C1700751B3D /* AppDelegate.swift in Sources */ = {isa = PBXBuildFile; fileRef = 382826B22B8C5C1700751B3D /* AppDelegate.swift */; };
		382826B52B8C5C1700751B3D /* SceneDelegate.swift in Sources */ = {isa = PBXBuildFile; fileRef = 382826B42B8C5C1700751B3D /* SceneDelegate.swift */; };
		382826B72B8C5C1700751B3D /* ViewController.swift in Sources */ = {isa = PBXBuildFile; fileRef = 382826B62B8C5C1700751B3D /* ViewController.swift */; };
		382826BA2B8C5C1700751B3D /* Main.storyboard in Resources */ = {isa = PBXBuildFile; fileRef = 382826B82B8C5C1700751B3D /* Main.storyboard */; };
		382826BC2B8C5C1800751B3D /* Assets.xcassets in Resources */ = {isa = PBXBuildFile; fileRef = 382826BB2B8C5C1800751B3D /* Assets.xcassets */; };
		382826BF2B8C5C1800751B3D /* LaunchScreen.storyboard in Resources */ = {isa = PBXBuildFile; fileRef = 382826BD2B8C5C1800751B3D /* LaunchScreen.storyboard */; };
		382826CE2B8C70E200751B3D /* A.wav in Resources */ = {isa = PBXBuildFile; fileRef = 382826C72B8C70E200751B3D /* A.wav */; };
		382826CF2B8C70E200751B3D /* C.wav in Resources */ = {isa = PBXBuildFile; fileRef = 382826C82B8C70E200751B3D /* C.wav */; };
		382826D02B8C70E200751B3D /* B.wav in Resources */ = {isa = PBXBuildFile; fileRef = 382826C92B8C70E200751B3D /* B.wav */; };
		382826D12B8C70E200751B3D /* F.wav in Resources */ = {isa = PBXBuildFile; fileRef = 382826CA2B8C70E200751B3D /* F.wav */; };
		382826D22B8C70E200751B3D /* G.wav in Resources */ = {isa = PBXBuildFile; fileRef = 382826CB2B8C70E200751B3D /* G.wav */; };
		382826D32B8C70E200751B3D /* E.wav in Resources */ = {isa = PBXBuildFile; fileRef = 382826CC2B8C70E200751B3D /* E.wav */; };
		382826D42B8C70E200751B3D /* D.wav in Resources */ = {isa = PBXBuildFile; fileRef = 382826CD2B8C70E200751B3D /* D.wav */; };
/* End PBXBuildFile section */

/* Begin PBXFileReference section */
		382826AF2B8C5C1700751B3D /* xylophone.app */ = {isa = PBXFileReference; explicitFileType = wrapper.application; includeInIndex = 0; path = xylophone.app; sourceTree = BUILT_PRODUCTS_DIR; };
		382826B22B8C5C1700751B3D /* AppDelegate.swift */ = {isa = PBXFileReference; lastKnownFileType = sourcecode.swift; path = AppDelegate.swift; sourceTree = "<group>"; };
		382826B42B8C5C1700751B3D /* SceneDelegate.swift */ = {isa = PBXFileReference; lastKnownFileType = sourcecode.swift; path = SceneDelegate.swift; sourceTree = "<group>"; };
		382826B62B8C5C1700751B3D /* ViewController.swift */ = {isa = PBXFileReference; lastKnownFileType = sourcecode.swift; path = ViewController.swift; sourceTree = "<group>"; };
		382826B92B8C5C1700751B3D /* Base */ = {isa = PBXFileReference; lastKnownFileType = file.storyboard; name = Base; path = Base.lproj/Main.storyboard; sourceTree = "<group>"; };
		382826BB2B8C5C1800751B3D /* Assets.xcassets */ = {isa = PBXFileReference; lastKnownFileType = folder.assetcatalog; path = Assets.xcassets; sourceTree = "<group>"; };
		382826BE2B8C5C1800751B3D /* Base */ = {isa = PBXFileReference; lastKnownFileType = file.storyboard; name = Base; path = Base.lproj/LaunchScreen.storyboard; sourceTree = "<group>"; };
		382826C02B8C5C1800751B3D /* Info.plist */ = {isa = PBXFileReference; lastKnownFileType = text.plist.xml; path = Info.plist; sourceTree = "<group>"; };
		382826C72B8C70E200751B3D /* A.wav */ = {isa = PBXFileReference; lastKnownFileType = audio.wav; path = A.wav; sourceTree = "<group>"; };
		382826C82B8C70E200751B3D /* C.wav */ = {isa = PBXFileReference; lastKnownFileType = audio.wav; path = C.wav; sourceTree = "<group>"; };
		382826C92B8C70E200751B3D /* B.wav */ = {isa = PBXFileReference; lastKnownFileType = audio.wav; path = B.wav; sourceTree = "<group>"; };
		382826CA2B8C70E200751B3D /* F.wav */ = {isa = PBXFileReference; lastKnownFileType = audio.wav; path = F.wav; sourceTree = "<group>"; };
		382826CB2B8C70E200751B3D /* G.wav */ = {isa = PBXFileReference; lastKnownFileType = audio.wav; path = G.wav; sourceTree = "<group>"; };
		382826CC2B8C70E200751B3D /* E.wav */ = {isa = PBXFileReference; lastKnownFileType = audio.wav; path = E.wav; sourceTree = "<group>"; };
		382826CD2B8C70E200751B3D /* D.wav */ = {isa = PBXFileReference; lastKnownFileType = audio.wav; path = D.wav; sourceTree = "<group>"; };
/* End PBXFileReference section */

/* Begin PBXFrameworksBuildPhase section */
		382826AC2B8C5C1700751B3D /* Frameworks */ = {
			isa = PBXFrameworksBuildPhase;
			buildActionMask = 2147483647;
			files = (
			);
			runOnlyForDeploymentPostprocessing = 0;
		};
/* End PBXFrameworksBuildPhase section */

/* Begin PBXGroup section */
		382826A62B8C5C1700751B3D = {
			isa = PBXGroup;
			children = (
				382826B12B8C5C1700751B3D /* xylophone */,
				382826B02B8C5C1700751B3D /* Products */,
			);
			sourceTree = "<group>";
		};
		382826B02B8C5C1700751B3D /* Products */ = {
			isa = PBXGroup;
			children = (
				382826AF2B8C5C1700751B3D /* xylophone.app */,
			);
			name = Products;
			sourceTree = "<group>";
		};
		382826B12B8C5C1700751B3D /* xylophone */ = {
			isa = PBXGroup;
			children = (
				382826B22B8C5C1700751B3D /* AppDelegate.swift */,
				382826B42B8C5C1700751B3D /* SceneDelegate.swift */,
				382826B62B8C5C1700751B3D /* ViewController.swift */,
				382826B82B8C5C1700751B3D /* Main.storyboard */,
				382826BB2B8C5C1800751B3D /* Assets.xcassets */,
				382826BD2B8C5C1800751B3D /* LaunchScreen.storyboard */,
				382826C02B8C5C1800751B3D /* Info.plist */,
				382826C62B8C70E200751B3D /* Sounds */,
			);
			path = xylophone;
			sourceTree = "<group>";
		};
		382826C62B8C70E200751B3D /* Sounds */ = {
			isa = PBXGroup;
			children = (
				382826C72B8C70E200751B3D /* A.wav */,
				382826C82B8C70E200751B3D /* C.wav */,
				382826C92B8C70E200751B3D /* B.wav */,
				382826CA2B8C70E200751B3D /* F.wav */,
				382826CB2B8C70E200751B3D /* G.wav */,
				382826CC2B8C70E200751B3D /* E.wav */,
				382826CD2B8C70E200751B3D /* D.wav */,
			);
			name = Sounds;
			path = "../../../../Downloads/musicPlayer-main/MusicPlayer/Sounds";
			sourceTree = "<group>";
		};
/* End PBXGroup section */

/* Begin PBXNativeTarget section */
		382826AE2B8C5C1700751B3D /* xylophone */ = {
			isa = PBXNativeTarget;
			buildConfigurationList = 382826C32B8C5C1800751B3D /* Build configuration list for PBXNativeTarget "xylophone" */;
			buildPhases = (
				382826AB2B8C5C1700751B3D /* Sources */,
				382826AC2B8C5C1700751B3D /* Frameworks */,
				382826AD2B8C5C1700751B3D /* Resources */,
			);
			buildRules = (
			);
			dependencies = (
			);
			name = xylophone;
			productName = xylophone;
			productReference = 382826AF2B8C5C1700751B3D /* xylophone.app */;
			productType = "com.apple.product-type.application";
		};
/* End PBXNativeTarget section */

/* Begin PBXProject section */
		382826A72B8C5C1700751B3D /* Project object */ = {
			isa = PBXProject;
			attributes = {
				BuildIndependentTargetsInParallel = 1;
				LastSwiftUpdateCheck = 1430;
				LastUpgradeCheck = 1430;
				TargetAttributes = {
					382826AE2B8C5C1700751B3D = {
						CreatedOnToolsVersion = 14.3;
					};
				};
			};
			buildConfigurationList = 382826AA2B8C5C1700751B3D /* Build configuration list for PBXProject "xylophone" */;
			compatibilityVersion = "Xcode 14.0";
			developmentRegion = en;
			hasScannedForEncodings = 0;
			knownRegions = (
				en,
				Base,
			);
			mainGroup = 382826A62B8C5C1700751B3D;
			productRefGroup = 382826B02B8C5C1700751B3D /* Products */;
			projectDirPath = "";
			projectRoot = "";
			targets = (
				382826AE2B8C5C1700751B3D /* xylophone */,
			);
		};
/* End PBXProject section */

/* Begin PBXResourcesBuildPhase section */
		382826AD2B8C5C1700751B3D /* Resources */ = {
			isa = PBXResourcesBuildPhase;
			buildActionMask = 2147483647;
			files = (
				382826D22B8C70E200751B3D /* G.wav in Resources */,
				382826BF2B8C5C1800751B3D /* LaunchScreen.storyboard in Resources */,
				382826D12B8C70E200751B3D /* F.wav in Resources */,
				382826BC2B8C5C1800751B3D /* Assets.xcassets in Resources */,
				382826CE2B8C70E200751B3D /* A.wav in Resources */,
				382826D02B8C70E200751B3D /* B.wav in Resources */,
				382826D32B8C70E200751B3D /* E.wav in Resources */,
				382826D42B8C70E200751B3D /* D.wav in Resources */,
				382826BA2B8C5C1700751B3D /* Main.storyboard in Resources */,
				382826CF2B8C70E200751B3D /* C.wav in Resources */,
			);
			runOnlyForDeploymentPostprocessing = 0;
		};
/* End PBXResourcesBuildPhase section */

/* Begin PBXSourcesBuildPhase section */
		382826AB2B8C5C1700751B3D /* Sources */ = {
			isa = PBXSourcesBuildPhase;
			buildActionMask = 2147483647;
			files = (
				382826B72B8C5C1700751B3D /* ViewController.swift in Sources */,
				382826B32B8C5C1700751B3D /* AppDelegate.swift in Sources */,
				382826B52B8C5C1700751B3D /* SceneDelegate.swift in Sources */,
			);
			runOnlyForDeploymentPostprocessing = 0;
		};
/* End PBXSourcesBuildPhase section */

/* Begin PBXVariantGroup section */
		382826B82B8C5C1700751B3D /* Main.storyboard */ = {
			isa = PBXVariantGroup;
			children = (
				382826B92B8C5C1700751B3D /* Base */,
			);
			name = Main.storyboard;
			sourceTree = "<group>";
		};
		382826BD2B8C5C1800751B3D /* LaunchScreen.storyboard */ = {
			isa = PBXVariantGroup;
			children = (
				382826BE2B8C5C1800751B3D /* Base */,
			);
			name = LaunchScreen.storyboard;
			sourceTree = "<group>";
		};
/* End PBXVariantGroup section */

/* Begin XCBuildConfiguration section */
		382826C12B8C5C1800751B3D /* Debug */ = {
			isa = XCBuildConfiguration;
			buildSettings = {
				ALWAYS_SEARCH_USER_PATHS = NO;
				CLANG_ANALYZER_NONNULL = YES;
				CLANG_ANALYZER_NUMBER_OBJECT_CONVERSION = YES_AGGRESSIVE;
				CLANG_CXX_LANGUAGE_STANDARD = "gnu++20";
				CLANG_ENABLE_MODULES = YES;
				CLANG_ENABLE_OBJC_ARC = YES;
				CLANG_ENABLE_OBJC_WEAK = YES;
				CLANG_WARN_BLOCK_CAPTURE_AUTORELEASING = YES;
				CLANG_WARN_BOOL_CONVERSION = YES;
				CLANG_WARN_COMMA = YES;
				CLANG_WARN_CONSTANT_CONVERSION = YES;
				CLANG_WARN_DEPRECATED_OBJC_IMPLEMENTATIONS = YES;
				CLANG_WARN_DIRECT_OBJC_ISA_USAGE = YES_ERROR;
				CLANG_WARN_DOCUMENTATION_COMMENTS = YES;
				CLANG_WARN_EMPTY_BODY = YES;
				CLANG_WARN_ENUM_CONVERSION = YES;
				CLANG_WARN_INFINITE_RECURSION = YES;
				CLANG_WARN_INT_CONVERSION = YES;
				CLANG_WARN_NON_LITERAL_NULL_CONVERSION = YES;
				CLANG_WARN_OBJC_IMPLICIT_RETAIN_SELF = YES;
				CLANG_WARN_OBJC_LITERAL_CONVERSION = YES;
				CLANG_WARN_OBJC_ROOT_CLASS = YES_ERROR;
				CLANG_WARN_QUOTED_INCLUDE_IN_FRAMEWORK_HEADER = YES;
				CLANG_WARN_RANGE_LOOP_ANALYSIS = YES;
				CLANG_WARN_STRICT_PROTOTYPES = YES;
				CLANG_WARN_SUSPICIOUS_MOVE = YES;
				CLANG_WARN_UNGUARDED_AVAILABILITY = YES_AGGRESSIVE;
				CLANG_WARN_UNREACHABLE_CODE = YES;
				CLANG_WARN__DUPLICATE_METHOD_MATCH = YES;
				COPY_PHASE_STRIP = NO;
				DEBUG_INFORMATION_FORMAT = dwarf;
				ENABLE_STRICT_OBJC_MSGSEND = YES;
				ENABLE_TESTABILITY = YES;
				GCC_C_LANGUAGE_STANDARD = gnu11;
				GCC_DYNAMIC_NO_PIC = NO;
				GCC_NO_COMMON_BLOCKS = YES;
				GCC_OPTIMIZATION_LEVEL = 0;
				GCC_PREPROCESSOR_DEFINITIONS = (
					"DEBUG=1",
					"$(inherited)",
				);
				GCC_WARN_64_TO_32_BIT_CONVERSION = YES;
				GCC_WARN_ABOUT_RETURN_TYPE = YES_ERROR;
				GCC_WARN_UNDECLARED_SELECTOR = YES;
				GCC_WARN_UNINITIALIZED_AUTOS = YES_AGGRESSIVE;
				GCC_WARN_UNUSED_FUNCTION = YES;
				GCC_WARN_UNUSED_VARIABLE = YES;
				IPHONEOS_DEPLOYMENT_TARGET = 16.4;
				MTL_ENABLE_DEBUG_INFO = INCLUDE_SOURCE;
				MTL_FAST_MATH = YES;
				ONLY_ACTIVE_ARCH = YES;
				SDKROOT = iphoneos;
				SWIFT_ACTIVE_COMPILATION_CONDITIONS = DEBUG;
				SWIFT_OPTIMIZATION_LEVEL = "-Onone";
			};
			name = Debug;
		};
		382826C22B8C5C1800751B3D /* Release */ = {
			isa = XCBuildConfiguration;
			buildSettings = {
				ALWAYS_SEARCH_USER_PATHS = NO;
				CLANG_ANALYZER_NONNULL = YES;
				CLANG_ANALYZER_NUMBER_OBJECT_CONVERSION = YES_AGGRESSIVE;
				CLANG_CXX_LANGUAGE_STANDARD = "gnu++20";
				CLANG_ENABLE_MODULES = YES;
				CLANG_ENABLE_OBJC_ARC = YES;
				CLANG_ENABLE_OBJC_WEAK = YES;
				CLANG_WARN_BLOCK_CAPTURE_AUTORELEASING = YES;
				CLANG_WARN_BOOL_CONVERSION = YES;
				CLANG_WARN_COMMA = YES;
				CLANG_WARN_CONSTANT_CONVERSION = YES;
				CLANG_WARN_DEPRECATED_OBJC_IMPLEMENTATIONS = YES;
				CLANG_WARN_DIRECT_OBJC_ISA_USAGE = YES_ERROR;
				CLANG_WARN_DOCUMENTATION_COMMENTS = YES;
				CLANG_WARN_EMPTY_BODY = YES;
				CLANG_WARN_ENUM_CONVERSION = YES;
				CLANG_WARN_INFINITE_RECURSION = YES;
				CLANG_WARN_INT_CONVERSION = YES;
				CLANG_WARN_NON_LITERAL_NULL_CONVERSION = YES;
				CLANG_WARN_OBJC_IMPLICIT_RETAIN_SELF = YES;
				CLANG_WARN_OBJC_LITERAL_CONVERSION = YES;
				CLANG_WARN_OBJC_ROOT_CLASS = YES_ERROR;
				CLANG_WARN_QUOTED_INCLUDE_IN_FRAMEWORK_HEADER = YES;
				CLANG_WARN_RANGE_LOOP_ANALYSIS = YES;
				CLANG_WARN_STRICT_PROTOTYPES = YES;
				CLANG_WARN_SUSPICIOUS_MOVE = YES;
				CLANG_WARN_UNGUARDED_AVAILABILITY = YES_AGGRESSIVE;
				CLANG_WARN_UNREACHABLE_CODE = YES;
				CLANG_WARN__DUPLICATE_METHOD_MATCH = YES;
				COPY_PHASE_STRIP = NO;
				DEBUG_INFORMATION_FORMAT = "dwarf-with-dsym";
				ENABLE_NS_ASSERTIONS = NO;
				ENABLE_STRICT_OBJC_MSGSEND = YES;
				GCC_C_LANGUAGE_STANDARD = gnu11;
				GCC_NO_COMMON_BLOCKS = YES;
				GCC_WARN_64_TO_32_BIT_CONVERSION = YES;
				GCC_WARN_ABOUT_RETURN_TYPE = YES_ERROR;
				GCC_WARN_UNDECLARED_SELECTOR = YES;
				GCC_WARN_UNINITIALIZED_AUTOS = YES_AGGRESSIVE;
				GCC_WARN_UNUSED_FUNCTION = YES;
				GCC_WARN_UNUSED_VARIABLE = YES;
				IPHONEOS_DEPLOYMENT_TARGET = 16.4;
				MTL_ENABLE_DEBUG_INFO = NO;
				MTL_FAST_MATH = YES;
				SDKROOT = iphoneos;
				SWIFT_COMPILATION_MODE = wholemodule;
				SWIFT_OPTIMIZATION_LEVEL = "-O";
				VALIDATE_PRODUCT = YES;
			};
			name = Release;
		};
		382826C42B8C5C1800751B3D /* Debug */ = {
			isa = XCBuildConfiguration;
			buildSettings = {
				ASSETCATALOG_COMPILER_APPICON_NAME = AppIcon;
				ASSETCATALOG_COMPILER_GLOBAL_ACCENT_COLOR_NAME = AccentColor;
				CODE_SIGN_STYLE = Automatic;
				CURRENT_PROJECT_VERSION = 1;
				GENERATE_INFOPLIST_FILE = YES;
				INFOPLIST_FILE = xylophone/Info.plist;
				INFOPLIST_KEY_UIApplicationSupportsIndirectInputEvents = YES;
				INFOPLIST_KEY_UILaunchStoryboardName = LaunchScreen;
				INFOPLIST_KEY_UIMainStoryboardFile = Main;
				INFOPLIST_KEY_UISupportedInterfaceOrientations_iPad = "UIInterfaceOrientationPortrait UIInterfaceOrientationPortraitUpsideDown UIInterfaceOrientationLandscapeLeft UIInterfaceOrientationLandscapeRight";
				INFOPLIST_KEY_UISupportedInterfaceOrientations_iPhone = "UIInterfaceOrientationPortrait UIInterfaceOrientationLandscapeLeft UIInterfaceOrientationLandscapeRight";
				LD_RUNPATH_SEARCH_PATHS = (
					"$(inherited)",
					"@executable_path/Frameworks",
				);
				MARKETING_VERSION = 1.0;
				PRODUCT_BUNDLE_IDENTIFIER = com.zignuts.xylophone;
				PRODUCT_NAME = "$(TARGET_NAME)";
				SWIFT_EMIT_LOC_STRINGS = YES;
				SWIFT_VERSION = 5.0;
				TARGETED_DEVICE_FAMILY = "1,2";
			};
			name = Debug;
		};
		382826C52B8C5C1800751B3D /* Release */ = {
			isa = XCBuildConfiguration;
			buildSettings = {
				ASSETCATALOG_COMPILER_APPICON_NAME = AppIcon;
				ASSETCATALOG_COMPILER_GLOBAL_ACCENT_COLOR_NAME = AccentColor;
				CODE_SIGN_STYLE = Automatic;
				CURRENT_PROJECT_VERSION = 1;
				GENERATE_INFOPLIST_FILE = YES;
				INFOPLIST_FILE = xylophone/Info.plist;
				INFOPLIST_KEY_UIApplicationSupportsIndirectInputEvents = YES;
				INFOPLIST_KEY_UILaunchStoryboardName = LaunchScreen;
				INFOPLIST_KEY_UIMainStoryboardFile = Main;
				INFOPLIST_KEY_UISupportedInterfaceOrientations_iPad = "UIInterfaceOrientationPortrait UIInterfaceOrientationPortraitUpsideDown UIInterfaceOrientationLandscapeLeft UIInterfaceOrientationLandscapeRight";
				INFOPLIST_KEY_UISupportedInterfaceOrientations_iPhone = "UIInterfaceOrientationPortrait UIInterfaceOrientationLandscapeLeft UIInterfaceOrientationLandscapeRight";
				LD_RUNPATH_SEARCH_PATHS = (
					"$(inherited)",
					"@executable_path/Frameworks",
				);
				MARKETING_VERSION = 1.0;
				PRODUCT_BUNDLE_IDENTIFIER = com.zignuts.xylophone;
				PRODUCT_NAME = "$(TARGET_NAME)";
				SWIFT_EMIT_LOC_STRINGS = YES;
				SWIFT_VERSION = 5.0;
				TARGETED_DEVICE_FAMILY = "1,2";
			};
			name = Release;
		};
/* End XCBuildConfiguration section */

/* Begin XCConfigurationList section */
		382826AA2B8C5C1700751B3D /* Build configuration list for PBXProject "xylophone" */ = {
			isa = XCConfigurationList;
			buildConfigurations = (
				382826C12B8C5C1800751B3D /* Debug */,
				382826C22B8C5C1800751B3D /* Release */,
			);
			defaultConfigurationIsVisible = 0;
			defaultConfigurationName = Release;
		};
		382826C32B8C5C1800751B3D /* Build configuration list for PBXNativeTarget "xylophone" */ = {
			isa = XCConfigurationList;
			buildConfigurations = (
				382826C42B8C5C1800751B3D /* Debug */,
				382826C52B8C5C1800751B3D /* Release */,
			);
			defaultConfigurationIsVisible = 0;
			defaultConfigurationName = Release;
		};
/* End XCConfigurationList section */
	};
	rootObject = 382826A72B8C5C1700751B3D /* Project object */;
}
