// !$*UTF8*$!
{
	archiveVersion = 1;
	classes = {
	};
	objectVersion = 56;
	objects = {

/* Begin PBXBuildFile section */
		38ADBD3C2B8DB5BE0070E0DF /* LondrinaSolid-Black.ttf in Resources */ = {isa = PBXBuildFile; fileRef = 38ADBD372B8DB5BE0070E0DF /* LondrinaSolid-Black.ttf */; };
		38ADBD3D2B8DB5BE0070E0DF /* LondrinaSolid-Regular.ttf in Resources */ = {isa = PBXBuildFile; fileRef = 38ADBD382B8DB5BE0070E0DF /* LondrinaSolid-Regular.ttf */; };
		38ADBD3E2B8DB5BE0070E0DF /* LondrinaSolid-Thin.ttf in Resources */ = {isa = PBXBuildFile; fileRef = 38ADBD392B8DB5BE0070E0DF /* LondrinaSolid-Thin.ttf */; };
		38ADBD3F2B8DB5BE0070E0DF /* OFL.txt in Resources */ = {isa = PBXBuildFile; fileRef = 38ADBD3A2B8DB5BE0070E0DF /* OFL.txt */; };
		38ADBD402B8DB5BE0070E0DF /* LondrinaSolid-Light.ttf in Resources */ = {isa = PBXBuildFile; fileRef = 38ADBD3B2B8DB5BE0070E0DF /* LondrinaSolid-Light.ttf */; };
		38ADBD452B8DF0B30070E0DF /* addDataViewController.swift in Sources */ = {isa = PBXBuildFile; fileRef = 38ADBD442B8DF0B30070E0DF /* addDataViewController.swift */; };
		38B25B9D2B8CC61100DDBDFA /* AppDelegate.swift in Sources */ = {isa = PBXBuildFile; fileRef = 38B25B9C2B8CC61100DDBDFA /* AppDelegate.swift */; };
		38B25B9F2B8CC61200DDBDFA /* SceneDelegate.swift in Sources */ = {isa = PBXBuildFile; fileRef = 38B25B9E2B8CC61200DDBDFA /* SceneDelegate.swift */; };
		38B25BA12B8CC61200DDBDFA /* ViewController.swift in Sources */ = {isa = PBXBuildFile; fileRef = 38B25BA02B8CC61200DDBDFA /* ViewController.swift */; };
		38B25BA42B8CC61200DDBDFA /* Main.storyboard in Resources */ = {isa = PBXBuildFile; fileRef = 38B25BA22B8CC61200DDBDFA /* Main.storyboard */; };
		38B25BA62B8CC61300DDBDFA /* Assets.xcassets in Resources */ = {isa = PBXBuildFile; fileRef = 38B25BA52B8CC61300DDBDFA /* Assets.xcassets */; };
		38B25BA92B8CC61300DDBDFA /* LaunchScreen.storyboard in Resources */ = {isa = PBXBuildFile; fileRef = 38B25BA72B8CC61300DDBDFA /* LaunchScreen.storyboard */; };
		38B25BB22B8CC6F900DDBDFA /* addReminderPage.swift in Sources */ = {isa = PBXBuildFile; fileRef = 38B25BB12B8CC6F900DDBDFA /* addReminderPage.swift */; };
/* End PBXBuildFile section */

/* Begin PBXFileReference section */
		38ADBD372B8DB5BE0070E0DF /* LondrinaSolid-Black.ttf */ = {isa = PBXFileReference; lastKnownFileType = file; path = "LondrinaSolid-Black.ttf"; sourceTree = "<group>"; };
		38ADBD382B8DB5BE0070E0DF /* LondrinaSolid-Regular.ttf */ = {isa = PBXFileReference; lastKnownFileType = file; path = "LondrinaSolid-Regular.ttf"; sourceTree = "<group>"; };
		38ADBD392B8DB5BE0070E0DF /* LondrinaSolid-Thin.ttf */ = {isa = PBXFileReference; lastKnownFileType = file; path = "LondrinaSolid-Thin.ttf"; sourceTree = "<group>"; };
		38ADBD3A2B8DB5BE0070E0DF /* OFL.txt */ = {isa = PBXFileReference; fileEncoding = 4; lastKnownFileType = text; path = OFL.txt; sourceTree = "<group>"; };
		38ADBD3B2B8DB5BE0070E0DF /* LondrinaSolid-Light.ttf */ = {isa = PBXFileReference; lastKnownFileType = file; path = "LondrinaSolid-Light.ttf"; sourceTree = "<group>"; };
		38ADBD442B8DF0B30070E0DF /* addDataViewController.swift */ = {isa = PBXFileReference; lastKnownFileType = sourcecode.swift; path = addDataViewController.swift; sourceTree = "<group>"; };
		38B25B992B8CC61100DDBDFA /* Reminder.app */ = {isa = PBXFileReference; explicitFileType = wrapper.application; includeInIndex = 0; path = Reminder.app; sourceTree = BUILT_PRODUCTS_DIR; };
		38B25B9C2B8CC61100DDBDFA /* AppDelegate.swift */ = {isa = PBXFileReference; lastKnownFileType = sourcecode.swift; path = AppDelegate.swift; sourceTree = "<group>"; };
		38B25B9E2B8CC61200DDBDFA /* SceneDelegate.swift */ = {isa = PBXFileReference; lastKnownFileType = sourcecode.swift; path = SceneDelegate.swift; sourceTree = "<group>"; };
		38B25BA02B8CC61200DDBDFA /* ViewController.swift */ = {isa = PBXFileReference; lastKnownFileType = sourcecode.swift; path = ViewController.swift; sourceTree = "<group>"; };
		38B25BA32B8CC61200DDBDFA /* Base */ = {isa = PBXFileReference; lastKnownFileType = file.storyboard; name = Base; path = Base.lproj/Main.storyboard; sourceTree = "<group>"; };
		38B25BA52B8CC61300DDBDFA /* Assets.xcassets */ = {isa = PBXFileReference; lastKnownFileType = folder.assetcatalog; path = Assets.xcassets; sourceTree = "<group>"; };
		38B25BA82B8CC61300DDBDFA /* Base */ = {isa = PBXFileReference; lastKnownFileType = file.storyboard; name = Base; path = Base.lproj/LaunchScreen.storyboard; sourceTree = "<group>"; };
		38B25BAA2B8CC61300DDBDFA /* Info.plist */ = {isa = PBXFileReference; lastKnownFileType = text.plist.xml; path = Info.plist; sourceTree = "<group>"; };
		38B25BB12B8CC6F900DDBDFA /* addReminderPage.swift */ = {isa = PBXFileReference; lastKnownFileType = sourcecode.swift; path = addReminderPage.swift; sourceTree = "<group>"; };
/* End PBXFileReference section */

/* Begin PBXFrameworksBuildPhase section */
		38B25B962B8CC61100DDBDFA /* Frameworks */ = {
			isa = PBXFrameworksBuildPhase;
			buildActionMask = 2147483647;
			files = (
			);
			runOnlyForDeploymentPostprocessing = 0;
		};
/* End PBXFrameworksBuildPhase section */

/* Begin PBXGroup section */
		38ADBD362B8DB5BE0070E0DF /* Londrina_Solid */ = {
			isa = PBXGroup;
			children = (
				38ADBD372B8DB5BE0070E0DF /* LondrinaSolid-Black.ttf */,
				38ADBD382B8DB5BE0070E0DF /* LondrinaSolid-Regular.ttf */,
				38ADBD392B8DB5BE0070E0DF /* LondrinaSolid-Thin.ttf */,
				38ADBD3A2B8DB5BE0070E0DF /* OFL.txt */,
				38ADBD3B2B8DB5BE0070E0DF /* LondrinaSolid-Light.ttf */,
			);
			name = Londrina_Solid;
			path = ../../../../Downloads/Londrina_Solid;
			sourceTree = "<group>";
		};
		38B25B902B8CC61100DDBDFA = {
			isa = PBXGroup;
			children = (
				38B25B9B2B8CC61100DDBDFA /* Reminder */,
				38B25B9A2B8CC61100DDBDFA /* Products */,
			);
			sourceTree = "<group>";
		};
		38B25B9A2B8CC61100DDBDFA /* Products */ = {
			isa = PBXGroup;
			children = (
				38B25B992B8CC61100DDBDFA /* Reminder.app */,
			);
			name = Products;
			sourceTree = "<group>";
		};
		38B25B9B2B8CC61100DDBDFA /* Reminder */ = {
			isa = PBXGroup;
			children = (
				38B25BB02B8CC6C600DDBDFA /* Screens */,
				38B25B9C2B8CC61100DDBDFA /* AppDelegate.swift */,
				38B25B9E2B8CC61200DDBDFA /* SceneDelegate.swift */,
				38B25BA02B8CC61200DDBDFA /* ViewController.swift */,
				38B25BA22B8CC61200DDBDFA /* Main.storyboard */,
				38B25BA52B8CC61300DDBDFA /* Assets.xcassets */,
				38B25BA72B8CC61300DDBDFA /* LaunchScreen.storyboard */,
				38B25BAA2B8CC61300DDBDFA /* Info.plist */,
				38ADBD362B8DB5BE0070E0DF /* Londrina_Solid */,
			);
			path = Reminder;
			sourceTree = "<group>";
		};
		38B25BB02B8CC6C600DDBDFA /* Screens */ = {
			isa = PBXGroup;
			children = (
				38B25BB12B8CC6F900DDBDFA /* addReminderPage.swift */,
				38ADBD442B8DF0B30070E0DF /* addDataViewController.swift */,
			);
			path = Screens;
			sourceTree = "<group>";
		};
/* End PBXGroup section */

/* Begin PBXNativeTarget section */
		38B25B982B8CC61100DDBDFA /* Reminder */ = {
			isa = PBXNativeTarget;
			buildConfigurationList = 38B25BAD2B8CC61300DDBDFA /* Build configuration list for PBXNativeTarget "Reminder" */;
			buildPhases = (
				38B25B952B8CC61100DDBDFA /* Sources */,
				38B25B962B8CC61100DDBDFA /* Frameworks */,
				38B25B972B8CC61100DDBDFA /* Resources */,
			);
			buildRules = (
			);
			dependencies = (
			);
			name = Reminder;
			productName = Reminder;
			productReference = 38B25B992B8CC61100DDBDFA /* Reminder.app */;
			productType = "com.apple.product-type.application";
		};
/* End PBXNativeTarget section */

/* Begin PBXProject section */
		38B25B912B8CC61100DDBDFA /* Project object */ = {
			isa = PBXProject;
			attributes = {
				BuildIndependentTargetsInParallel = 1;
				LastSwiftUpdateCheck = 1430;
				LastUpgradeCheck = 1430;
				TargetAttributes = {
					38B25B982B8CC61100DDBDFA = {
						CreatedOnToolsVersion = 14.3;
					};
				};
			};
			buildConfigurationList = 38B25B942B8CC61100DDBDFA /* Build configuration list for PBXProject "Reminder" */;
			compatibilityVersion = "Xcode 14.0";
			developmentRegion = en;
			hasScannedForEncodings = 0;
			knownRegions = (
				en,
				Base,
			);
			mainGroup = 38B25B902B8CC61100DDBDFA;
			productRefGroup = 38B25B9A2B8CC61100DDBDFA /* Products */;
			projectDirPath = "";
			projectRoot = "";
			targets = (
				38B25B982B8CC61100DDBDFA /* Reminder */,
			);
		};
/* End PBXProject section */

/* Begin PBXResourcesBuildPhase section */
		38B25B972B8CC61100DDBDFA /* Resources */ = {
			isa = PBXResourcesBuildPhase;
			buildActionMask = 2147483647;
			files = (
				38ADBD3F2B8DB5BE0070E0DF /* OFL.txt in Resources */,
				38ADBD3D2B8DB5BE0070E0DF /* LondrinaSolid-Regular.ttf in Resources */,
				38ADBD402B8DB5BE0070E0DF /* LondrinaSolid-Light.ttf in Resources */,
				38B25BA92B8CC61300DDBDFA /* LaunchScreen.storyboard in Resources */,
				38ADBD3E2B8DB5BE0070E0DF /* LondrinaSolid-Thin.ttf in Resources */,
				38B25BA62B8CC61300DDBDFA /* Assets.xcassets in Resources */,
				38B25BA42B8CC61200DDBDFA /* Main.storyboard in Resources */,
				38ADBD3C2B8DB5BE0070E0DF /* LondrinaSolid-Black.ttf in Resources */,
			);
			runOnlyForDeploymentPostprocessing = 0;
		};
/* End PBXResourcesBuildPhase section */

/* Begin PBXSourcesBuildPhase section */
		38B25B952B8CC61100DDBDFA /* Sources */ = {
			isa = PBXSourcesBuildPhase;
			buildActionMask = 2147483647;
			files = (
				38ADBD452B8DF0B30070E0DF /* addDataViewController.swift in Sources */,
				38B25BB22B8CC6F900DDBDFA /* addReminderPage.swift in Sources */,
				38B25BA12B8CC61200DDBDFA /* ViewController.swift in Sources */,
				38B25B9D2B8CC61100DDBDFA /* AppDelegate.swift in Sources */,
				38B25B9F2B8CC61200DDBDFA /* SceneDelegate.swift in Sources */,
			);
			runOnlyForDeploymentPostprocessing = 0;
		};
/* End PBXSourcesBuildPhase section */

/* Begin PBXVariantGroup section */
		38B25BA22B8CC61200DDBDFA /* Main.storyboard */ = {
			isa = PBXVariantGroup;
			children = (
				38B25BA32B8CC61200DDBDFA /* Base */,
			);
			name = Main.storyboard;
			sourceTree = "<group>";
		};
		38B25BA72B8CC61300DDBDFA /* LaunchScreen.storyboard */ = {
			isa = PBXVariantGroup;
			children = (
				38B25BA82B8CC61300DDBDFA /* Base */,
			);
			name = LaunchScreen.storyboard;
			sourceTree = "<group>";
		};
/* End PBXVariantGroup section */

/* Begin XCBuildConfiguration section */
		38B25BAB2B8CC61300DDBDFA /* Debug */ = {
			isa = XCBuildConfiguration;
			buildSettings = {
				ALWAYS_SEARCH_USER_PATHS = NO;
				CLANG_ANALYZER_NONNULL = YES;
				CLANG_ANALYZER_NUMBER_OBJECT_CONVERSION = YES_AGGRESSIVE;
				CLANG_CXX_LANGUAGE_STANDARD = "gnu++20";
				CLANG_ENABLE_MODULES = YES;
				CLANG_ENABLE_OBJC_ARC = YES;
				CLANG_ENABLE_OBJC_WEAK = YES;
				CLANG_WARN_BLOCK_CAPTURE_AUTORELEASING = YES;
				CLANG_WARN_BOOL_CONVERSION = YES;
				CLANG_WARN_COMMA = YES;
				CLANG_WARN_CONSTANT_CONVERSION = YES;
				CLANG_WARN_DEPRECATED_OBJC_IMPLEMENTATIONS = YES;
				CLANG_WARN_DIRECT_OBJC_ISA_USAGE = YES_ERROR;
				CLANG_WARN_DOCUMENTATION_COMMENTS = YES;
				CLANG_WARN_EMPTY_BODY = YES;
				CLANG_WARN_ENUM_CONVERSION = YES;
				CLANG_WARN_INFINITE_RECURSION = YES;
				CLANG_WARN_INT_CONVERSION = YES;
				CLANG_WARN_NON_LITERAL_NULL_CONVERSION = YES;
				CLANG_WARN_OBJC_IMPLICIT_RETAIN_SELF = YES;
				CLANG_WARN_OBJC_LITERAL_CONVERSION = YES;
				CLANG_WARN_OBJC_ROOT_CLASS = YES_ERROR;
				CLANG_WARN_QUOTED_INCLUDE_IN_FRAMEWORK_HEADER = YES;
				CLANG_WARN_RANGE_LOOP_ANALYSIS = YES;
				CLANG_WARN_STRICT_PROTOTYPES = YES;
				CLANG_WARN_SUSPICIOUS_MOVE = YES;
				CLANG_WARN_UNGUARDED_AVAILABILITY = YES_AGGRESSIVE;
				CLANG_WARN_UNREACHABLE_CODE = YES;
				CLANG_WARN__DUPLICATE_METHOD_MATCH = YES;
				COPY_PHASE_STRIP = NO;
				DEBUG_INFORMATION_FORMAT = dwarf;
				ENABLE_STRICT_OBJC_MSGSEND = YES;
				ENABLE_TESTABILITY = YES;
				GCC_C_LANGUAGE_STANDARD = gnu11;
				GCC_DYNAMIC_NO_PIC = NO;
				GCC_NO_COMMON_BLOCKS = YES;
				GCC_OPTIMIZATION_LEVEL = 0;
				GCC_PREPROCESSOR_DEFINITIONS = (
					"DEBUG=1",
					"$(inherited)",
				);
				GCC_WARN_64_TO_32_BIT_CONVERSION = YES;
				GCC_WARN_ABOUT_RETURN_TYPE = YES_ERROR;
				GCC_WARN_UNDECLARED_SELECTOR = YES;
				GCC_WARN_UNINITIALIZED_AUTOS = YES_AGGRESSIVE;
				GCC_WARN_UNUSED_FUNCTION = YES;
				GCC_WARN_UNUSED_VARIABLE = YES;
				IPHONEOS_DEPLOYMENT_TARGET = 16.4;
				MTL_ENABLE_DEBUG_INFO = INCLUDE_SOURCE;
				MTL_FAST_MATH = YES;
				ONLY_ACTIVE_ARCH = YES;
				SDKROOT = iphoneos;
				SWIFT_ACTIVE_COMPILATION_CONDITIONS = DEBUG;
				SWIFT_OPTIMIZATION_LEVEL = "-Onone";
			};
			name = Debug;
		};
		38B25BAC2B8CC61300DDBDFA /* Release */ = {
			isa = XCBuildConfiguration;
			buildSettings = {
				ALWAYS_SEARCH_USER_PATHS = NO;
				CLANG_ANALYZER_NONNULL = YES;
				CLANG_ANALYZER_NUMBER_OBJECT_CONVERSION = YES_AGGRESSIVE;
				CLANG_CXX_LANGUAGE_STANDARD = "gnu++20";
				CLANG_ENABLE_MODULES = YES;
				CLANG_ENABLE_OBJC_ARC = YES;
				CLANG_ENABLE_OBJC_WEAK = YES;
				CLANG_WARN_BLOCK_CAPTURE_AUTORELEASING = YES;
				CLANG_WARN_BOOL_CONVERSION = YES;
				CLANG_WARN_COMMA = YES;
				CLANG_WARN_CONSTANT_CONVERSION = YES;
				CLANG_WARN_DEPRECATED_OBJC_IMPLEMENTATIONS = YES;
				CLANG_WARN_DIRECT_OBJC_ISA_USAGE = YES_ERROR;
				CLANG_WARN_DOCUMENTATION_COMMENTS = YES;
				CLANG_WARN_EMPTY_BODY = YES;
				CLANG_WARN_ENUM_CONVERSION = YES;
				CLANG_WARN_INFINITE_RECURSION = YES;
				CLANG_WARN_INT_CONVERSION = YES;
				CLANG_WARN_NON_LITERAL_NULL_CONVERSION = YES;
				CLANG_WARN_OBJC_IMPLICIT_RETAIN_SELF = YES;
				CLANG_WARN_OBJC_LITERAL_CONVERSION = YES;
				CLANG_WARN_OBJC_ROOT_CLASS = YES_ERROR;
				CLANG_WARN_QUOTED_INCLUDE_IN_FRAMEWORK_HEADER = YES;
				CLANG_WARN_RANGE_LOOP_ANALYSIS = YES;
				CLANG_WARN_STRICT_PROTOTYPES = YES;
				CLANG_WARN_SUSPICIOUS_MOVE = YES;
				CLANG_WARN_UNGUARDED_AVAILABILITY = YES_AGGRESSIVE;
				CLANG_WARN_UNREACHABLE_CODE = YES;
				CLANG_WARN__DUPLICATE_METHOD_MATCH = YES;
				COPY_PHASE_STRIP = NO;
				DEBUG_INFORMATION_FORMAT = "dwarf-with-dsym";
				ENABLE_NS_ASSERTIONS = NO;
				ENABLE_STRICT_OBJC_MSGSEND = YES;
				GCC_C_LANGUAGE_STANDARD = gnu11;
				GCC_NO_COMMON_BLOCKS = YES;
				GCC_WARN_64_TO_32_BIT_CONVERSION = YES;
				GCC_WARN_ABOUT_RETURN_TYPE = YES_ERROR;
				GCC_WARN_UNDECLARED_SELECTOR = YES;
				GCC_WARN_UNINITIALIZED_AUTOS = YES_AGGRESSIVE;
				GCC_WARN_UNUSED_FUNCTION = YES;
				GCC_WARN_UNUSED_VARIABLE = YES;
				IPHONEOS_DEPLOYMENT_TARGET = 16.4;
				MTL_ENABLE_DEBUG_INFO = NO;
				MTL_FAST_MATH = YES;
				SDKROOT = iphoneos;
				SWIFT_COMPILATION_MODE = wholemodule;
				SWIFT_OPTIMIZATION_LEVEL = "-O";
				VALIDATE_PRODUCT = YES;
			};
			name = Release;
		};
		38B25BAE2B8CC61300DDBDFA /* Debug */ = {
			isa = XCBuildConfiguration;
			buildSettings = {
				ASSETCATALOG_COMPILER_APPICON_NAME = AppIcon;
				ASSETCATALOG_COMPILER_GLOBAL_ACCENT_COLOR_NAME = AccentColor;
				CODE_SIGN_STYLE = Automatic;
				CURRENT_PROJECT_VERSION = 1;
				GENERATE_INFOPLIST_FILE = YES;
				INFOPLIST_FILE = Reminder/Info.plist;
				INFOPLIST_KEY_UIApplicationSupportsIndirectInputEvents = YES;
				INFOPLIST_KEY_UILaunchStoryboardName = LaunchScreen;
				INFOPLIST_KEY_UIMainStoryboardFile = Main;
				INFOPLIST_KEY_UISupportedInterfaceOrientations_iPad = "UIInterfaceOrientationPortrait UIInterfaceOrientationPortraitUpsideDown UIInterfaceOrientationLandscapeLeft UIInterfaceOrientationLandscapeRight";
				INFOPLIST_KEY_UISupportedInterfaceOrientations_iPhone = "UIInterfaceOrientationPortrait UIInterfaceOrientationLandscapeLeft UIInterfaceOrientationLandscapeRight";
				LD_RUNPATH_SEARCH_PATHS = (
					"$(inherited)",
					"@executable_path/Frameworks",
				);
				MARKETING_VERSION = 1.0;
				PRODUCT_BUNDLE_IDENTIFIER = com.zignuts.Reminder;
				PRODUCT_NAME = "$(TARGET_NAME)";
				SWIFT_EMIT_LOC_STRINGS = YES;
				SWIFT_VERSION = 5.0;
				TARGETED_DEVICE_FAMILY = "1,2";
			};
			name = Debug;
		};
		38B25BAF2B8CC61300DDBDFA /* Release */ = {
			isa = XCBuildConfiguration;
			buildSettings = {
				ASSETCATALOG_COMPILER_APPICON_NAME = AppIcon;
				ASSETCATALOG_COMPILER_GLOBAL_ACCENT_COLOR_NAME = AccentColor;
				CODE_SIGN_STYLE = Automatic;
				CURRENT_PROJECT_VERSION = 1;
				GENERATE_INFOPLIST_FILE = YES;
				INFOPLIST_FILE = Reminder/Info.plist;
				INFOPLIST_KEY_UIApplicationSupportsIndirectInputEvents = YES;
				INFOPLIST_KEY_UILaunchStoryboardName = LaunchScreen;
				INFOPLIST_KEY_UIMainStoryboardFile = Main;
				INFOPLIST_KEY_UISupportedInterfaceOrientations_iPad = "UIInterfaceOrientationPortrait UIInterfaceOrientationPortraitUpsideDown UIInterfaceOrientationLandscapeLeft UIInterfaceOrientationLandscapeRight";
				INFOPLIST_KEY_UISupportedInterfaceOrientations_iPhone = "UIInterfaceOrientationPortrait UIInterfaceOrientationLandscapeLeft UIInterfaceOrientationLandscapeRight";
				LD_RUNPATH_SEARCH_PATHS = (
					"$(inherited)",
					"@executable_path/Frameworks",
				);
				MARKETING_VERSION = 1.0;
				PRODUCT_BUNDLE_IDENTIFIER = com.zignuts.Reminder;
				PRODUCT_NAME = "$(TARGET_NAME)";
				SWIFT_EMIT_LOC_STRINGS = YES;
				SWIFT_VERSION = 5.0;
				TARGETED_DEVICE_FAMILY = "1,2";
			};
			name = Release;
		};
/* End XCBuildConfiguration section */

/* Begin XCConfigurationList section */
		38B25B942B8CC61100DDBDFA /* Build configuration list for PBXProject "Reminder" */ = {
			isa = XCConfigurationList;
			buildConfigurations = (
				38B25BAB2B8CC61300DDBDFA /* Debug */,
				38B25BAC2B8CC61300DDBDFA /* Release */,
			);
			defaultConfigurationIsVisible = 0;
			defaultConfigurationName = Release;
		};
		38B25BAD2B8CC61300DDBDFA /* Build configuration list for PBXNativeTarget "Reminder" */ = {
			isa = XCConfigurationList;
			buildConfigurations = (
				38B25BAE2B8CC61300DDBDFA /* Debug */,
				38B25BAF2B8CC61300DDBDFA /* Release */,
			);
			defaultConfigurationIsVisible = 0;
			defaultConfigurationName = Release;
		};
/* End XCConfigurationList section */
	};
	rootObject = 38B25B912B8CC61100DDBDFA /* Project object */;
}
